
Microsoft Visual Studio Solution File, Format Version 12.00
# Visual Studio 15
VisualStudioVersion = 15.0.28307.329
MinimumVisualStudioVersion = 10.0.40219.1
Project("{FAE04EC0-301F-11D3-BF4B-00C04F79EFBC}") = "Challenge104", "Challenge104\Challenge104.csproj", "{99D20F77-3BA2-4DE0-AC69-B1DF5C2FACC5}"
EndProject
Global
	GlobalSection(SolutionConfigurationPlatforms) = preSolution
		Debug|Any CPU = Debug|Any CPU
		Release|Any CPU = Release|Any CPU
	EndGlobalSection
	GlobalSection(ProjectConfigurationPlatforms) = postSolution
		{99D20F77-3BA2-4DE0-AC69-B1DF5C2FACC5}.Debug|Any CPU.ActiveCfg = Debug|Any CPU
		{99D20F77-3BA2-4DE0-AC69-B1DF5C2FACC5}.Debug|Any CPU.Build.0 = Debug|Any CPU
		{99D20F77-3BA2-4DE0-AC69-B1DF5C2FACC5}.Release|Any CPU.ActiveCfg = Release|Any CPU
		{99D20F77-3BA2-4DE0-AC69-B1DF5C2FACC5}.Release|Any CPU.Build.0 = Release|Any CPU
	EndGlobalSection
	GlobalSection(SolutionProperties) = preSolution
		HideSolutionNode = FALSE
	EndGlobalSection
	GlobalSection(ExtensibilityGlobals) = postSolution
		SolutionGuid = {EE7E8F7E-6661-4702-9CDF-519F32C49206}
	EndGlobalSection
EndGlobal
